
Microsoft Visual Studio Solution File, Format Version 12.00
# Visual Studio Version 17
VisualStudioVersion = 17.14.36109.1 d17.14
MinimumVisualStudioVersion = 10.0.40219.1
Project("{FAE04EC0-301F-11D3-BF4B-00C04F79EFBC}") = "FSD_ViktorMate_SFQ6PO", "FSD_ViktorMate_SFQ6PO\FSD_ViktorMate_SFQ6PO.csproj", "{0BA704BD-3183-4863-ACD2-0900F7B71FDD}"
EndProject
Global
	GlobalSection(SolutionConfigurationPlatforms) = preSolution
		Debug|Any CPU = Debug|Any CPU
		Release|Any CPU = Release|Any CPU
	EndGlobalSection
	GlobalSection(ProjectConfigurationPlatforms) = postSolution
		{0BA704BD-3183-4863-ACD2-0900F7B71FDD}.Debug|Any CPU.ActiveCfg = Debug|Any CPU
		{0BA704BD-3183-4863-ACD2-0900F7B71FDD}.Debug|Any CPU.Build.0 = Debug|Any CPU
		{0BA704BD-3183-4863-ACD2-0900F7B71FDD}.Release|Any CPU.ActiveCfg = Release|Any CPU
		{0BA704BD-3183-4863-ACD2-0900F7B71FDD}.Release|Any CPU.Build.0 = Release|Any CPU
	EndGlobalSection
	GlobalSection(SolutionProperties) = preSolution
		HideSolutionNode = FALSE
	EndGlobalSection
	GlobalSection(ExtensibilityGlobals) = postSolution
		SolutionGuid = {19FCCA9F-2077-4C8A-908D-897F39EB5A59}
	EndGlobalSection
EndGlobal
